// !$*UTF8*$!
{
	archiveVersion = 1;
	classes = {
	};
	objectVersion = 56;
	objects = {

/* Begin PBXBuildFile section */
		22183741D6CD83B42C0E61E7 /* Pods_HW19.framework in Frameworks */ = {isa = PBXBuildFile; fileRef = 4F746F934301435B8D39E2C1 /* Pods_HW19.framework */; };
		FF2ECE3929BCA7C40066ACB9 /* Model.xcdatamodeld in Sources */ = {isa = PBXBuildFile; fileRef = FF2ECE3729BCA7C40066ACB9 /* Model.xcdatamodeld */; };
		FF2ECE4129BCA9760066ACB9 /* Executor+CoreDataClass.swift in Sources */ = {isa = PBXBuildFile; fileRef = FF2ECE3F29BCA9760066ACB9 /* Executor+CoreDataClass.swift */; };
		FF2ECE4229BCA9760066ACB9 /* Executor+CoreDataProperties.swift in Sources */ = {isa = PBXBuildFile; fileRef = FF2ECE4029BCA9760066ACB9 /* Executor+CoreDataProperties.swift */; };
		FF2ECE4429BCA9D00066ACB9 /* CoreDataStorage.swift in Sources */ = {isa = PBXBuildFile; fileRef = FF2ECE4329BCA9D00066ACB9 /* CoreDataStorage.swift */; };
		FF43027C29BA0F16002952D9 /* AppDelegate.swift in Sources */ = {isa = PBXBuildFile; fileRef = FF43027B29BA0F16002952D9 /* AppDelegate.swift */; };
		FF43027E29BA0F16002952D9 /* SceneDelegate.swift in Sources */ = {isa = PBXBuildFile; fileRef = FF43027D29BA0F16002952D9 /* SceneDelegate.swift */; };
		FF43028029BA0F16002952D9 /* ListExecutorViewController.swift in Sources */ = {isa = PBXBuildFile; fileRef = FF43027F29BA0F16002952D9 /* ListExecutorViewController.swift */; };
		FF43028329BA0F16002952D9 /* Main.storyboard in Resources */ = {isa = PBXBuildFile; fileRef = FF43028129BA0F16002952D9 /* Main.storyboard */; };
		FF43028529BA0F16002952D9 /* Assets.xcassets in Resources */ = {isa = PBXBuildFile; fileRef = FF43028429BA0F16002952D9 /* Assets.xcassets */; };
		FF43028829BA0F16002952D9 /* LaunchScreen.storyboard in Resources */ = {isa = PBXBuildFile; fileRef = FF43028629BA0F16002952D9 /* LaunchScreen.storyboard */; };
		FF43029029BA0F38002952D9 /* CustomTableViewCell.swift in Sources */ = {isa = PBXBuildFile; fileRef = FF43028F29BA0F38002952D9 /* CustomTableViewCell.swift */; };
		FF43029729BA1310002952D9 /* AddNewExecutorViewController.swift in Sources */ = {isa = PBXBuildFile; fileRef = FF43029629BA1310002952D9 /* AddNewExecutorViewController.swift */; };
		FF43029929BA1C34002952D9 /* ExecutorViewModel.swift in Sources */ = {isa = PBXBuildFile; fileRef = FF43029829BA1C34002952D9 /* ExecutorViewModel.swift */; };
		FF61C55029BDB1B000876428 /* SortingViewModel.swift in Sources */ = {isa = PBXBuildFile; fileRef = FF61C54F29BDB1B000876428 /* SortingViewModel.swift */; };
		FF61C55229BDB29700876428 /* UserDefaultsStorage.swift in Sources */ = {isa = PBXBuildFile; fileRef = FF61C55129BDB29700876428 /* UserDefaultsStorage.swift */; };
/* End PBXBuildFile section */

/* Begin PBXFileReference section */
		2B79C1497B152938C814DC23 /* Pods-HW19.debug.xcconfig */ = {isa = PBXFileReference; includeInIndex = 1; lastKnownFileType = text.xcconfig; name = "Pods-HW19.debug.xcconfig"; path = "Target Support Files/Pods-HW19/Pods-HW19.debug.xcconfig"; sourceTree = "<group>"; };
		4F746F934301435B8D39E2C1 /* Pods_HW19.framework */ = {isa = PBXFileReference; explicitFileType = wrapper.framework; includeInIndex = 0; path = Pods_HW19.framework; sourceTree = BUILT_PRODUCTS_DIR; };
		F47AFF342E9C9B823B8D39CB /* Pods-HW19.release.xcconfig */ = {isa = PBXFileReference; includeInIndex = 1; lastKnownFileType = text.xcconfig; name = "Pods-HW19.release.xcconfig"; path = "Target Support Files/Pods-HW19/Pods-HW19.release.xcconfig"; sourceTree = "<group>"; };
		FF2ECE3829BCA7C40066ACB9 /* Model.xcdatamodel */ = {isa = PBXFileReference; lastKnownFileType = wrapper.xcdatamodel; path = Model.xcdatamodel; sourceTree = "<group>"; };
		FF2ECE3F29BCA9760066ACB9 /* Executor+CoreDataClass.swift */ = {isa = PBXFileReference; lastKnownFileType = sourcecode.swift; path = "Executor+CoreDataClass.swift"; sourceTree = SOURCE_ROOT; };
		FF2ECE4029BCA9760066ACB9 /* Executor+CoreDataProperties.swift */ = {isa = PBXFileReference; lastKnownFileType = sourcecode.swift; path = "Executor+CoreDataProperties.swift"; sourceTree = SOURCE_ROOT; };
		FF2ECE4329BCA9D00066ACB9 /* CoreDataStorage.swift */ = {isa = PBXFileReference; lastKnownFileType = sourcecode.swift; path = CoreDataStorage.swift; sourceTree = "<group>"; };
		FF43027829BA0F16002952D9 /* HW19.app */ = {isa = PBXFileReference; explicitFileType = wrapper.application; includeInIndex = 0; path = HW19.app; sourceTree = BUILT_PRODUCTS_DIR; };
		FF43027B29BA0F16002952D9 /* AppDelegate.swift */ = {isa = PBXFileReference; lastKnownFileType = sourcecode.swift; path = AppDelegate.swift; sourceTree = "<group>"; };
		FF43027D29BA0F16002952D9 /* SceneDelegate.swift */ = {isa = PBXFileReference; lastKnownFileType = sourcecode.swift; path = SceneDelegate.swift; sourceTree = "<group>"; };
		FF43027F29BA0F16002952D9 /* ListExecutorViewController.swift */ = {isa = PBXFileReference; lastKnownFileType = sourcecode.swift; path = ListExecutorViewController.swift; sourceTree = "<group>"; };
		FF43028229BA0F16002952D9 /* Base */ = {isa = PBXFileReference; lastKnownFileType = file.storyboard; name = Base; path = Base.lproj/Main.storyboard; sourceTree = "<group>"; };
		FF43028429BA0F16002952D9 /* Assets.xcassets */ = {isa = PBXFileReference; lastKnownFileType = folder.assetcatalog; path = Assets.xcassets; sourceTree = "<group>"; };
		FF43028729BA0F16002952D9 /* Base */ = {isa = PBXFileReference; lastKnownFileType = file.storyboard; name = Base; path = Base.lproj/LaunchScreen.storyboard; sourceTree = "<group>"; };
		FF43028929BA0F16002952D9 /* Info.plist */ = {isa = PBXFileReference; lastKnownFileType = text.plist.xml; path = Info.plist; sourceTree = "<group>"; };
		FF43028F29BA0F38002952D9 /* CustomTableViewCell.swift */ = {isa = PBXFileReference; lastKnownFileType = sourcecode.swift; path = CustomTableViewCell.swift; sourceTree = "<group>"; };
		FF43029629BA1310002952D9 /* AddNewExecutorViewController.swift */ = {isa = PBXFileReference; lastKnownFileType = sourcecode.swift; path = AddNewExecutorViewController.swift; sourceTree = "<group>"; };
		FF43029829BA1C34002952D9 /* ExecutorViewModel.swift */ = {isa = PBXFileReference; lastKnownFileType = sourcecode.swift; path = ExecutorViewModel.swift; sourceTree = "<group>"; };
		FF61C54F29BDB1B000876428 /* SortingViewModel.swift */ = {isa = PBXFileReference; lastKnownFileType = sourcecode.swift; path = SortingViewModel.swift; sourceTree = "<group>"; };
		FF61C55129BDB29700876428 /* UserDefaultsStorage.swift */ = {isa = PBXFileReference; lastKnownFileType = sourcecode.swift; path = UserDefaultsStorage.swift; sourceTree = "<group>"; };
/* End PBXFileReference section */

/* Begin PBXFrameworksBuildPhase section */
		FF43027529BA0F16002952D9 /* Frameworks */ = {
			isa = PBXFrameworksBuildPhase;
			buildActionMask = 2147483647;
			files = (
				22183741D6CD83B42C0E61E7 /* Pods_HW19.framework in Frameworks */,
			);
			runOnlyForDeploymentPostprocessing = 0;
		};
/* End PBXFrameworksBuildPhase section */

/* Begin PBXGroup section */
		9DC18815BB9C4AF69F995898 /* Frameworks */ = {
			isa = PBXGroup;
			children = (
				4F746F934301435B8D39E2C1 /* Pods_HW19.framework */,
			);
			name = Frameworks;
			sourceTree = "<group>";
		};
		C894A6922622384D56BA7FA8 /* Pods */ = {
			isa = PBXGroup;
			children = (
				2B79C1497B152938C814DC23 /* Pods-HW19.debug.xcconfig */,
				F47AFF342E9C9B823B8D39CB /* Pods-HW19.release.xcconfig */,
			);
			path = Pods;
			sourceTree = "<group>";
		};
		FF2ECE3E29BCA92F0066ACB9 /* DataManager */ = {
			isa = PBXGroup;
			children = (
				FF2ECE3F29BCA9760066ACB9 /* Executor+CoreDataClass.swift */,
				FF2ECE4029BCA9760066ACB9 /* Executor+CoreDataProperties.swift */,
			);
			path = DataManager;
			sourceTree = "<group>";
		};
		FF43026F29BA0F16002952D9 = {
			isa = PBXGroup;
			children = (
				FF2ECE3E29BCA92F0066ACB9 /* DataManager */,
				FF43027A29BA0F16002952D9 /* HW19 */,
				FF43027929BA0F16002952D9 /* Products */,
				C894A6922622384D56BA7FA8 /* Pods */,
				9DC18815BB9C4AF69F995898 /* Frameworks */,
			);
			sourceTree = "<group>";
		};
		FF43027929BA0F16002952D9 /* Products */ = {
			isa = PBXGroup;
			children = (
				FF43027829BA0F16002952D9 /* HW19.app */,
			);
			name = Products;
			sourceTree = "<group>";
		};
		FF43027A29BA0F16002952D9 /* HW19 */ = {
			isa = PBXGroup;
			children = (
				FF43027B29BA0F16002952D9 /* AppDelegate.swift */,
				FF43027D29BA0F16002952D9 /* SceneDelegate.swift */,
				FF61C54F29BDB1B000876428 /* SortingViewModel.swift */,
				FF43027F29BA0F16002952D9 /* ListExecutorViewController.swift */,
				FF43029629BA1310002952D9 /* AddNewExecutorViewController.swift */,
				FF2ECE4329BCA9D00066ACB9 /* CoreDataStorage.swift */,
				FF61C55129BDB29700876428 /* UserDefaultsStorage.swift */,
				FF43029829BA1C34002952D9 /* ExecutorViewModel.swift */,
				FF2ECE3729BCA7C40066ACB9 /* Model.xcdatamodeld */,
				FF43028F29BA0F38002952D9 /* CustomTableViewCell.swift */,
				FF43028129BA0F16002952D9 /* Main.storyboard */,
				FF43028429BA0F16002952D9 /* Assets.xcassets */,
				FF43028629BA0F16002952D9 /* LaunchScreen.storyboard */,
				FF43028929BA0F16002952D9 /* Info.plist */,
			);
			path = HW19;
			sourceTree = "<group>";
		};
/* End PBXGroup section */

/* Begin PBXNativeTarget section */
		FF43027729BA0F16002952D9 /* HW19 */ = {
			isa = PBXNativeTarget;
			buildConfigurationList = FF43028C29BA0F16002952D9 /* Build configuration list for PBXNativeTarget "HW19" */;
			buildPhases = (
				0C38672601142730DD1540A6 /* [CP] Check Pods Manifest.lock */,
				FF43027429BA0F16002952D9 /* Sources */,
				FF43027529BA0F16002952D9 /* Frameworks */,
				FF43027629BA0F16002952D9 /* Resources */,
				8068BDA63E9E2ACC756180E5 /* [CP] Embed Pods Frameworks */,
			);
			buildRules = (
			);
			dependencies = (
			);
			name = HW19;
			productName = HW19;
			productReference = FF43027829BA0F16002952D9 /* HW19.app */;
			productType = "com.apple.product-type.application";
		};
/* End PBXNativeTarget section */

/* Begin PBXProject section */
		FF43027029BA0F16002952D9 /* Project object */ = {
			isa = PBXProject;
			attributes = {
				BuildIndependentTargetsInParallel = 1;
				LastSwiftUpdateCheck = 1410;
				LastUpgradeCheck = 1410;
				TargetAttributes = {
					FF43027729BA0F16002952D9 = {
						CreatedOnToolsVersion = 14.1;
					};
				};
			};
			buildConfigurationList = FF43027329BA0F16002952D9 /* Build configuration list for PBXProject "HW19" */;
			compatibilityVersion = "Xcode 14.0";
			developmentRegion = en;
			hasScannedForEncodings = 0;
			knownRegions = (
				en,
				Base,
			);
			mainGroup = FF43026F29BA0F16002952D9;
			productRefGroup = FF43027929BA0F16002952D9 /* Products */;
			projectDirPath = "";
			projectRoot = "";
			targets = (
				FF43027729BA0F16002952D9 /* HW19 */,
			);
		};
/* End PBXProject section */

/* Begin PBXResourcesBuildPhase section */
		FF43027629BA0F16002952D9 /* Resources */ = {
			isa = PBXResourcesBuildPhase;
			buildActionMask = 2147483647;
			files = (
				FF43028829BA0F16002952D9 /* LaunchScreen.storyboard in Resources */,
				FF43028529BA0F16002952D9 /* Assets.xcassets in Resources */,
				FF43028329BA0F16002952D9 /* Main.storyboard in Resources */,
			);
			runOnlyForDeploymentPostprocessing = 0;
		};
/* End PBXResourcesBuildPhase section */

/* Begin PBXShellScriptBuildPhase section */
		0C38672601142730DD1540A6 /* [CP] Check Pods Manifest.lock */ = {
			isa = PBXShellScriptBuildPhase;
			buildActionMask = 2147483647;
			files = (
			);
			inputFileListPaths = (
			);
			inputPaths = (
				"${PODS_PODFILE_DIR_PATH}/Podfile.lock",
				"${PODS_ROOT}/Manifest.lock",
			);
			name = "[CP] Check Pods Manifest.lock";
			outputFileListPaths = (
			);
			outputPaths = (
				"$(DERIVED_FILE_DIR)/Pods-HW19-checkManifestLockResult.txt",
			);
			runOnlyForDeploymentPostprocessing = 0;
			shellPath = /bin/sh;
			shellScript = "diff \"${PODS_PODFILE_DIR_PATH}/Podfile.lock\" \"${PODS_ROOT}/Manifest.lock\" > /dev/null\nif [ $? != 0 ] ; then\n    # print error to STDERR\n    echo \"error: The sandbox is not in sync with the Podfile.lock. Run 'pod install' or update your CocoaPods installation.\" >&2\n    exit 1\nfi\n# This output is used by Xcode 'outputs' to avoid re-running this script phase.\necho \"SUCCESS\" > \"${SCRIPT_OUTPUT_FILE_0}\"\n";
			showEnvVarsInLog = 0;
		};
		8068BDA63E9E2ACC756180E5 /* [CP] Embed Pods Frameworks */ = {
			isa = PBXShellScriptBuildPhase;
			buildActionMask = 2147483647;
			files = (
			);
			inputFileListPaths = (
				"${PODS_ROOT}/Target Support Files/Pods-HW19/Pods-HW19-frameworks-${CONFIGURATION}-input-files.xcfilelist",
			);
			name = "[CP] Embed Pods Frameworks";
			outputFileListPaths = (
				"${PODS_ROOT}/Target Support Files/Pods-HW19/Pods-HW19-frameworks-${CONFIGURATION}-output-files.xcfilelist",
			);
			runOnlyForDeploymentPostprocessing = 0;
			shellPath = /bin/sh;
			shellScript = "\"${PODS_ROOT}/Target Support Files/Pods-HW19/Pods-HW19-frameworks.sh\"\n";
			showEnvVarsInLog = 0;
		};
/* End PBXShellScriptBuildPhase section */

/* Begin PBXSourcesBuildPhase section */
		FF43027429BA0F16002952D9 /* Sources */ = {
			isa = PBXSourcesBuildPhase;
			buildActionMask = 2147483647;
			files = (
				FF2ECE4429BCA9D00066ACB9 /* CoreDataStorage.swift in Sources */,
				FF43028029BA0F16002952D9 /* ListExecutorViewController.swift in Sources */,
				FF43027C29BA0F16002952D9 /* AppDelegate.swift in Sources */,
				FF2ECE4129BCA9760066ACB9 /* Executor+CoreDataClass.swift in Sources */,
				FF61C55229BDB29700876428 /* UserDefaultsStorage.swift in Sources */,
				FF61C55029BDB1B000876428 /* SortingViewModel.swift in Sources */,
				FF43029729BA1310002952D9 /* AddNewExecutorViewController.swift in Sources */,
				FF2ECE3929BCA7C40066ACB9 /* Model.xcdatamodeld in Sources */,
				FF43029029BA0F38002952D9 /* CustomTableViewCell.swift in Sources */,
				FF43027E29BA0F16002952D9 /* SceneDelegate.swift in Sources */,
				FF43029929BA1C34002952D9 /* ExecutorViewModel.swift in Sources */,
				FF2ECE4229BCA9760066ACB9 /* Executor+CoreDataProperties.swift in Sources */,
			);
			runOnlyForDeploymentPostprocessing = 0;
		};
/* End PBXSourcesBuildPhase section */

/* Begin PBXVariantGroup section */
		FF43028129BA0F16002952D9 /* Main.storyboard */ = {
			isa = PBXVariantGroup;
			children = (
				FF43028229BA0F16002952D9 /* Base */,
			);
			name = Main.storyboard;
			sourceTree = "<group>";
		};
		FF43028629BA0F16002952D9 /* LaunchScreen.storyboard */ = {
			isa = PBXVariantGroup;
			children = (
				FF43028729BA0F16002952D9 /* Base */,
			);
			name = LaunchScreen.storyboard;
			sourceTree = "<group>";
		};
/* End PBXVariantGroup section */

/* Begin XCBuildConfiguration section */
		FF43028A29BA0F16002952D9 /* Debug */ = {
			isa = XCBuildConfiguration;
			buildSettings = {
				ALWAYS_SEARCH_USER_PATHS = NO;
				CLANG_ANALYZER_NONNULL = YES;
				CLANG_ANALYZER_NUMBER_OBJECT_CONVERSION = YES_AGGRESSIVE;
				CLANG_CXX_LANGUAGE_STANDARD = "gnu++20";
				CLANG_ENABLE_MODULES = YES;
				CLANG_ENABLE_OBJC_ARC = YES;
				CLANG_ENABLE_OBJC_WEAK = YES;
				CLANG_WARN_BLOCK_CAPTURE_AUTORELEASING = YES;
				CLANG_WARN_BOOL_CONVERSION = YES;
				CLANG_WARN_COMMA = YES;
				CLANG_WARN_CONSTANT_CONVERSION = YES;
				CLANG_WARN_DEPRECATED_OBJC_IMPLEMENTATIONS = YES;
				CLANG_WARN_DIRECT_OBJC_ISA_USAGE = YES_ERROR;
				CLANG_WARN_DOCUMENTATION_COMMENTS = YES;
				CLANG_WARN_EMPTY_BODY = YES;
				CLANG_WARN_ENUM_CONVERSION = YES;
				CLANG_WARN_INFINITE_RECURSION = YES;
				CLANG_WARN_INT_CONVERSION = YES;
				CLANG_WARN_NON_LITERAL_NULL_CONVERSION = YES;
				CLANG_WARN_OBJC_IMPLICIT_RETAIN_SELF = YES;
				CLANG_WARN_OBJC_LITERAL_CONVERSION = YES;
				CLANG_WARN_OBJC_ROOT_CLASS = YES_ERROR;
				CLANG_WARN_QUOTED_INCLUDE_IN_FRAMEWORK_HEADER = YES;
				CLANG_WARN_RANGE_LOOP_ANALYSIS = YES;
				CLANG_WARN_STRICT_PROTOTYPES = YES;
				CLANG_WARN_SUSPICIOUS_MOVE = YES;
				CLANG_WARN_UNGUARDED_AVAILABILITY = YES_AGGRESSIVE;
				CLANG_WARN_UNREACHABLE_CODE = YES;
				CLANG_WARN__DUPLICATE_METHOD_MATCH = YES;
				COPY_PHASE_STRIP = NO;
				DEBUG_INFORMATION_FORMAT = dwarf;
				ENABLE_STRICT_OBJC_MSGSEND = YES;
				ENABLE_TESTABILITY = YES;
				GCC_C_LANGUAGE_STANDARD = gnu11;
				GCC_DYNAMIC_NO_PIC = NO;
				GCC_NO_COMMON_BLOCKS = YES;
				GCC_OPTIMIZATION_LEVEL = 0;
				GCC_PREPROCESSOR_DEFINITIONS = (
					"DEBUG=1",
					"$(inherited)",
				);
				GCC_WARN_64_TO_32_BIT_CONVERSION = YES;
				GCC_WARN_ABOUT_RETURN_TYPE = YES_ERROR;
				GCC_WARN_UNDECLARED_SELECTOR = YES;
				GCC_WARN_UNINITIALIZED_AUTOS = YES_AGGRESSIVE;
				GCC_WARN_UNUSED_FUNCTION = YES;
				GCC_WARN_UNUSED_VARIABLE = YES;
				IPHONEOS_DEPLOYMENT_TARGET = 16.1;
				MTL_ENABLE_DEBUG_INFO = INCLUDE_SOURCE;
				MTL_FAST_MATH = YES;
				ONLY_ACTIVE_ARCH = YES;
				SDKROOT = iphoneos;
				SWIFT_ACTIVE_COMPILATION_CONDITIONS = DEBUG;
				SWIFT_OPTIMIZATION_LEVEL = "-Onone";
			};
			name = Debug;
		};
		FF43028B29BA0F16002952D9 /* Release */ = {
			isa = XCBuildConfiguration;
			buildSettings = {
				ALWAYS_SEARCH_USER_PATHS = NO;
				CLANG_ANALYZER_NONNULL = YES;
				CLANG_ANALYZER_NUMBER_OBJECT_CONVERSION = YES_AGGRESSIVE;
				CLANG_CXX_LANGUAGE_STANDARD = "gnu++20";
				CLANG_ENABLE_MODULES = YES;
				CLANG_ENABLE_OBJC_ARC = YES;
				CLANG_ENABLE_OBJC_WEAK = YES;
				CLANG_WARN_BLOCK_CAPTURE_AUTORELEASING = YES;
				CLANG_WARN_BOOL_CONVERSION = YES;
				CLANG_WARN_COMMA = YES;
				CLANG_WARN_CONSTANT_CONVERSION = YES;
				CLANG_WARN_DEPRECATED_OBJC_IMPLEMENTATIONS = YES;
				CLANG_WARN_DIRECT_OBJC_ISA_USAGE = YES_ERROR;
				CLANG_WARN_DOCUMENTATION_COMMENTS = YES;
				CLANG_WARN_EMPTY_BODY = YES;
				CLANG_WARN_ENUM_CONVERSION = YES;
				CLANG_WARN_INFINITE_RECURSION = YES;
				CLANG_WARN_INT_CONVERSION = YES;
				CLANG_WARN_NON_LITERAL_NULL_CONVERSION = YES;
				CLANG_WARN_OBJC_IMPLICIT_RETAIN_SELF = YES;
				CLANG_WARN_OBJC_LITERAL_CONVERSION = YES;
				CLANG_WARN_OBJC_ROOT_CLASS = YES_ERROR;
				CLANG_WARN_QUOTED_INCLUDE_IN_FRAMEWORK_HEADER = YES;
				CLANG_WARN_RANGE_LOOP_ANALYSIS = YES;
				CLANG_WARN_STRICT_PROTOTYPES = YES;
				CLANG_WARN_SUSPICIOUS_MOVE = YES;
				CLANG_WARN_UNGUARDED_AVAILABILITY = YES_AGGRESSIVE;
				CLANG_WARN_UNREACHABLE_CODE = YES;
				CLANG_WARN__DUPLICATE_METHOD_MATCH = YES;
				COPY_PHASE_STRIP = NO;
				DEBUG_INFORMATION_FORMAT = "dwarf-with-dsym";
				ENABLE_NS_ASSERTIONS = NO;
				ENABLE_STRICT_OBJC_MSGSEND = YES;
				GCC_C_LANGUAGE_STANDARD = gnu11;
				GCC_NO_COMMON_BLOCKS = YES;
				GCC_WARN_64_TO_32_BIT_CONVERSION = YES;
				GCC_WARN_ABOUT_RETURN_TYPE = YES_ERROR;
				GCC_WARN_UNDECLARED_SELECTOR = YES;
				GCC_WARN_UNINITIALIZED_AUTOS = YES_AGGRESSIVE;
				GCC_WARN_UNUSED_FUNCTION = YES;
				GCC_WARN_UNUSED_VARIABLE = YES;
				IPHONEOS_DEPLOYMENT_TARGET = 16.1;
				MTL_ENABLE_DEBUG_INFO = NO;
				MTL_FAST_MATH = YES;
				SDKROOT = iphoneos;
				SWIFT_COMPILATION_MODE = wholemodule;
				SWIFT_OPTIMIZATION_LEVEL = "-O";
				VALIDATE_PRODUCT = YES;
			};
			name = Release;
		};
		FF43028D29BA0F16002952D9 /* Debug */ = {
			isa = XCBuildConfiguration;
			baseConfigurationReference = 2B79C1497B152938C814DC23 /* Pods-HW19.debug.xcconfig */;
			buildSettings = {
				ASSETCATALOG_COMPILER_APPICON_NAME = AppIcon;
				ASSETCATALOG_COMPILER_GLOBAL_ACCENT_COLOR_NAME = AccentColor;
				CODE_SIGN_STYLE = Automatic;
				CURRENT_PROJECT_VERSION = 1;
				DEVELOPMENT_TEAM = 53VJ36KWD5;
				GENERATE_INFOPLIST_FILE = YES;
				INFOPLIST_FILE = HW19/Info.plist;
				INFOPLIST_KEY_UIApplicationSupportsIndirectInputEvents = YES;
				INFOPLIST_KEY_UILaunchStoryboardName = LaunchScreen;
				INFOPLIST_KEY_UIMainStoryboardFile = Main;
				INFOPLIST_KEY_UISupportedInterfaceOrientations_iPad = "UIInterfaceOrientationPortrait UIInterfaceOrientationPortraitUpsideDown UIInterfaceOrientationLandscapeLeft UIInterfaceOrientationLandscapeRight";
				INFOPLIST_KEY_UISupportedInterfaceOrientations_iPhone = "UIInterfaceOrientationPortrait UIInterfaceOrientationLandscapeLeft UIInterfaceOrientationLandscapeRight";
				LD_RUNPATH_SEARCH_PATHS = (
					"$(inherited)",
					"@executable_path/Frameworks",
				);
				MARKETING_VERSION = 1.0;
				PRODUCT_BUNDLE_IDENTIFIER = "ru.peace-maker.HW19";
				PRODUCT_NAME = "$(TARGET_NAME)";
				SWIFT_EMIT_LOC_STRINGS = YES;
				SWIFT_VERSION = 5.0;
				TARGETED_DEVICE_FAMILY = "1,2";
			};
			name = Debug;
		};
		FF43028E29BA0F16002952D9 /* Release */ = {
			isa = XCBuildConfiguration;
			baseConfigurationReference = F47AFF342E9C9B823B8D39CB /* Pods-HW19.release.xcconfig */;
			buildSettings = {
				ASSETCATALOG_COMPILER_APPICON_NAME = AppIcon;
				ASSETCATALOG_COMPILER_GLOBAL_ACCENT_COLOR_NAME = AccentColor;
				CODE_SIGN_STYLE = Automatic;
				CURRENT_PROJECT_VERSION = 1;
				DEVELOPMENT_TEAM = 53VJ36KWD5;
				GENERATE_INFOPLIST_FILE = YES;
				INFOPLIST_FILE = HW19/Info.plist;
				INFOPLIST_KEY_UIApplicationSupportsIndirectInputEvents = YES;
				INFOPLIST_KEY_UILaunchStoryboardName = LaunchScreen;
				INFOPLIST_KEY_UIMainStoryboardFile = Main;
				INFOPLIST_KEY_UISupportedInterfaceOrientations_iPad = "UIInterfaceOrientationPortrait UIInterfaceOrientationPortraitUpsideDown UIInterfaceOrientationLandscapeLeft UIInterfaceOrientationLandscapeRight";
				INFOPLIST_KEY_UISupportedInterfaceOrientations_iPhone = "UIInterfaceOrientationPortrait UIInterfaceOrientationLandscapeLeft UIInterfaceOrientationLandscapeRight";
				LD_RUNPATH_SEARCH_PATHS = (
					"$(inherited)",
					"@executable_path/Frameworks",
				);
				MARKETING_VERSION = 1.0;
				PRODUCT_BUNDLE_IDENTIFIER = "ru.peace-maker.HW19";
				PRODUCT_NAME = "$(TARGET_NAME)";
				SWIFT_EMIT_LOC_STRINGS = YES;
				SWIFT_VERSION = 5.0;
				TARGETED_DEVICE_FAMILY = "1,2";
			};
			name = Release;
		};
/* End XCBuildConfiguration section */

/* Begin XCConfigurationList section */
		FF43027329BA0F16002952D9 /* Build configuration list for PBXProject "HW19" */ = {
			isa = XCConfigurationList;
			buildConfigurations = (
				FF43028A29BA0F16002952D9 /* Debug */,
				FF43028B29BA0F16002952D9 /* Release */,
			);
			defaultConfigurationIsVisible = 0;
			defaultConfigurationName = Release;
		};
		FF43028C29BA0F16002952D9 /* Build configuration list for PBXNativeTarget "HW19" */ = {
			isa = XCConfigurationList;
			buildConfigurations = (
				FF43028D29BA0F16002952D9 /* Debug */,
				FF43028E29BA0F16002952D9 /* Release */,
			);
			defaultConfigurationIsVisible = 0;
			defaultConfigurationName = Release;
		};
/* End XCConfigurationList section */

/* Begin XCVersionGroup section */
		FF2ECE3729BCA7C40066ACB9 /* Model.xcdatamodeld */ = {
			isa = XCVersionGroup;
			children = (
				FF2ECE3829BCA7C40066ACB9 /* Model.xcdatamodel */,
			);
			currentVersion = FF2ECE3829BCA7C40066ACB9 /* Model.xcdatamodel */;
			path = Model.xcdatamodeld;
			sourceTree = "<group>";
			versionGroupType = wrapper.xcdatamodel;
		};
/* End XCVersionGroup section */
	};
	rootObject = FF43027029BA0F16002952D9 /* Project object */;
}
